// !$*UTF8*$!
{
	archiveVersion = 1;
	classes = {
	};
	objectVersion = 46;
	objects = {

/* Begin PBXBuildFile section */
		6B41CCC61E75B6AC0049A2E9 /* AppDelegate.swift in Sources */ = {isa = PBXBuildFile; fileRef = 6B41CCC51E75B6AC0049A2E9 /* AppDelegate.swift */; };
		6B41CCC81E75B6AC0049A2E9 /* ViewController.swift in Sources */ = {isa = PBXBuildFile; fileRef = 6B41CCC71E75B6AC0049A2E9 /* ViewController.swift */; };
		6B41CCCB1E75B6AC0049A2E9 /* Main.storyboard in Resources */ = {isa = PBXBuildFile; fileRef = 6B41CCC91E75B6AC0049A2E9 /* Main.storyboard */; };
		6B41CCCD1E75B6AC0049A2E9 /* Assets.xcassets in Resources */ = {isa = PBXBuildFile; fileRef = 6B41CCCC1E75B6AC0049A2E9 /* Assets.xcassets */; };
		6B41CCD01E75B6AC0049A2E9 /* LaunchScreen.storyboard in Resources */ = {isa = PBXBuildFile; fileRef = 6B41CCCE1E75B6AC0049A2E9 /* LaunchScreen.storyboard */; };
		6B41CCD81E75B8F00049A2E9 /* Items TVController.swift in Sources */ = {isa = PBXBuildFile; fileRef = 6B41CCD71E75B8F00049A2E9 /* Items TVController.swift */; };
		6B41CCDA1E75BC0F0049A2E9 /* Items.swift in Sources */ = {isa = PBXBuildFile; fileRef = 6B41CCD91E75BC0F0049A2E9 /* Items.swift */; };
		6BE365F11E76161A0039DA31 /* SeleccionadoCVC.swift in Sources */ = {isa = PBXBuildFile; fileRef = 6BE365F01E76161A0039DA31 /* SeleccionadoCVC.swift */; };
		6BE365F31E7620EE0039DA31 /* ItemCVCell.swift in Sources */ = {isa = PBXBuildFile; fileRef = 6BE365F21E7620EE0039DA31 /* ItemCVCell.swift */; };
/* End PBXBuildFile section */

/* Begin PBXFileReference section */
		6B41CCC21E75B6AC0049A2E9 /* Tarea 4.app */ = {isa = PBXFileReference; explicitFileType = wrapper.application; includeInIndex = 0; path = "Tarea 4.app"; sourceTree = BUILT_PRODUCTS_DIR; };
		6B41CCC51E75B6AC0049A2E9 /* AppDelegate.swift */ = {isa = PBXFileReference; lastKnownFileType = sourcecode.swift; path = AppDelegate.swift; sourceTree = "<group>"; };
		6B41CCC71E75B6AC0049A2E9 /* ViewController.swift */ = {isa = PBXFileReference; lastKnownFileType = sourcecode.swift; path = ViewController.swift; sourceTree = "<group>"; };
		6B41CCCA1E75B6AC0049A2E9 /* Base */ = {isa = PBXFileReference; lastKnownFileType = file.storyboard; name = Base; path = Base.lproj/Main.storyboard; sourceTree = "<group>"; };
		6B41CCCC1E75B6AC0049A2E9 /* Assets.xcassets */ = {isa = PBXFileReference; lastKnownFileType = folder.assetcatalog; path = Assets.xcassets; sourceTree = "<group>"; };
		6B41CCCF1E75B6AC0049A2E9 /* Base */ = {isa = PBXFileReference; lastKnownFileType = file.storyboard; name = Base; path = Base.lproj/LaunchScreen.storyboard; sourceTree = "<group>"; };
		6B41CCD11E75B6AC0049A2E9 /* Info.plist */ = {isa = PBXFileReference; lastKnownFileType = text.plist.xml; path = Info.plist; sourceTree = "<group>"; };
		6B41CCD71E75B8F00049A2E9 /* Items TVController.swift */ = {isa = PBXFileReference; fileEncoding = 4; lastKnownFileType = sourcecode.swift; path = "Items TVController.swift"; sourceTree = "<group>"; };
		6B41CCD91E75BC0F0049A2E9 /* Items.swift */ = {isa = PBXFileReference; fileEncoding = 4; lastKnownFileType = sourcecode.swift; path = Items.swift; sourceTree = "<group>"; };
		6BE365F01E76161A0039DA31 /* SeleccionadoCVC.swift */ = {isa = PBXFileReference; fileEncoding = 4; lastKnownFileType = sourcecode.swift; path = SeleccionadoCVC.swift; sourceTree = "<group>"; };
		6BE365F21E7620EE0039DA31 /* ItemCVCell.swift */ = {isa = PBXFileReference; fileEncoding = 4; lastKnownFileType = sourcecode.swift; path = ItemCVCell.swift; sourceTree = "<group>"; };
/* End PBXFileReference section */

/* Begin PBXFrameworksBuildPhase section */
		6B41CCBF1E75B6AC0049A2E9 /* Frameworks */ = {
			isa = PBXFrameworksBuildPhase;
			buildActionMask = 2147483647;
			files = (
			);
			runOnlyForDeploymentPostprocessing = 0;
		};
/* End PBXFrameworksBuildPhase section */

/* Begin PBXGroup section */
		6B41CCB91E75B6AC0049A2E9 = {
			isa = PBXGroup;
			children = (
				6B41CCC41E75B6AC0049A2E9 /* Tarea 4 */,
				6B41CCC31E75B6AC0049A2E9 /* Products */,
			);
			sourceTree = "<group>";
		};
		6B41CCC31E75B6AC0049A2E9 /* Products */ = {
			isa = PBXGroup;
			children = (
				6B41CCC21E75B6AC0049A2E9 /* Tarea 4.app */,
			);
			name = Products;
			sourceTree = "<group>";
		};
		6B41CCC41E75B6AC0049A2E9 /* Tarea 4 */ = {
			isa = PBXGroup;
			children = (
				6B41CCC51E75B6AC0049A2E9 /* AppDelegate.swift */,
				6B41CCC71E75B6AC0049A2E9 /* ViewController.swift */,
				6B41CCD71E75B8F00049A2E9 /* Items TVController.swift */,
				6B41CCC91E75B6AC0049A2E9 /* Main.storyboard */,
				6B41CCCC1E75B6AC0049A2E9 /* Assets.xcassets */,
				6B41CCCE1E75B6AC0049A2E9 /* LaunchScreen.storyboard */,
				6B41CCD11E75B6AC0049A2E9 /* Info.plist */,
				6B41CCD91E75BC0F0049A2E9 /* Items.swift */,
				6BE365F01E76161A0039DA31 /* SeleccionadoCVC.swift */,
				6BE365F21E7620EE0039DA31 /* ItemCVCell.swift */,
			);
			path = "Tarea 4";
			sourceTree = "<group>";
		};
/* End PBXGroup section */

/* Begin PBXNativeTarget section */
		6B41CCC11E75B6AC0049A2E9 /* Tarea 4 */ = {
			isa = PBXNativeTarget;
			buildConfigurationList = 6B41CCD41E75B6AC0049A2E9 /* Build configuration list for PBXNativeTarget "Tarea 4" */;
			buildPhases = (
				6B41CCBE1E75B6AC0049A2E9 /* Sources */,
				6B41CCBF1E75B6AC0049A2E9 /* Frameworks */,
				6B41CCC01E75B6AC0049A2E9 /* Resources */,
			);
			buildRules = (
			);
			dependencies = (
			);
			name = "Tarea 4";
			productName = "Tarea 4";
			productReference = 6B41CCC21E75B6AC0049A2E9 /* Tarea 4.app */;
			productType = "com.apple.product-type.application";
		};
/* End PBXNativeTarget section */

/* Begin PBXProject section */
		6B41CCBA1E75B6AC0049A2E9 /* Project object */ = {
			isa = PBXProject;
			attributes = {
				LastSwiftUpdateCheck = 0820;
				LastUpgradeCheck = 0820;
				ORGANIZATIONNAME = "Rocío Córdova";
				TargetAttributes = {
					6B41CCC11E75B6AC0049A2E9 = {
						CreatedOnToolsVersion = 8.2.1;
						ProvisioningStyle = Automatic;
					};
				};
			};
			buildConfigurationList = 6B41CCBD1E75B6AC0049A2E9 /* Build configuration list for PBXProject "Tarea 4" */;
			compatibilityVersion = "Xcode 3.2";
			developmentRegion = English;
			hasScannedForEncodings = 0;
			knownRegions = (
				en,
				Base,
			);
			mainGroup = 6B41CCB91E75B6AC0049A2E9;
			productRefGroup = 6B41CCC31E75B6AC0049A2E9 /* Products */;
			projectDirPath = "";
			projectRoot = "";
			targets = (
				6B41CCC11E75B6AC0049A2E9 /* Tarea 4 */,
			);
		};
/* End PBXProject section */

/* Begin PBXResourcesBuildPhase section */
		6B41CCC01E75B6AC0049A2E9 /* Resources */ = {
			isa = PBXResourcesBuildPhase;
			buildActionMask = 2147483647;
			files = (
				6B41CCD01E75B6AC0049A2E9 /* LaunchScreen.storyboard in Resources */,
				6B41CCCD1E75B6AC0049A2E9 /* Assets.xcassets in Resources */,
				6B41CCCB1E75B6AC0049A2E9 /* Main.storyboard in Resources */,
			);
			runOnlyForDeploymentPostprocessing = 0;
		};
/* End PBXResourcesBuildPhase section */

/* Begin PBXSourcesBuildPhase section */
		6B41CCBE1E75B6AC0049A2E9 /* Sources */ = {
			isa = PBXSourcesBuildPhase;
			buildActionMask = 2147483647;
			files = (
				6B41CCDA1E75BC0F0049A2E9 /* Items.swift in Sources */,
				6BE365F31E7620EE0039DA31 /* ItemCVCell.swift in Sources */,
				6BE365F11E76161A0039DA31 /* SeleccionadoCVC.swift in Sources */,
				6B41CCC81E75B6AC0049A2E9 /* ViewController.swift in Sources */,
				6B41CCC61E75B6AC0049A2E9 /* AppDelegate.swift in Sources */,
				6B41CCD81E75B8F00049A2E9 /* Items TVController.swift in Sources */,
			);
			runOnlyForDeploymentPostprocessing = 0;
		};
/* End PBXSourcesBuildPhase section */

/* Begin PBXVariantGroup section */
		6B41CCC91E75B6AC0049A2E9 /* Main.storyboard */ = {
			isa = PBXVariantGroup;
			children = (
				6B41CCCA1E75B6AC0049A2E9 /* Base */,
			);
			name = Main.storyboard;
			sourceTree = "<group>";
		};
		6B41CCCE1E75B6AC0049A2E9 /* LaunchScreen.storyboard */ = {
			isa = PBXVariantGroup;
			children = (
				6B41CCCF1E75B6AC0049A2E9 /* Base */,
			);
			name = LaunchScreen.storyboard;
			sourceTree = "<group>";
		};
/* End PBXVariantGroup section */

/* Begin XCBuildConfiguration section */
		6B41CCD21E75B6AC0049A2E9 /* Debug */ = {
			isa = XCBuildConfiguration;
			buildSettings = {
				ALWAYS_SEARCH_USER_PATHS = NO;
				CLANG_ANALYZER_NONNULL = YES;
				CLANG_CXX_LANGUAGE_STANDARD = "gnu++0x";
				CLANG_CXX_LIBRARY = "libc++";
				CLANG_ENABLE_MODULES = YES;
				CLANG_ENABLE_OBJC_ARC = YES;
				CLANG_WARN_BOOL_CONVERSION = YES;
				CLANG_WARN_CONSTANT_CONVERSION = YES;
				CLANG_WARN_DIRECT_OBJC_ISA_USAGE = YES_ERROR;
				CLANG_WARN_DOCUMENTATION_COMMENTS = YES;
				CLANG_WARN_EMPTY_BODY = YES;
				CLANG_WARN_ENUM_CONVERSION = YES;
				CLANG_WARN_INFINITE_RECURSION = YES;
				CLANG_WARN_INT_CONVERSION = YES;
				CLANG_WARN_OBJC_ROOT_CLASS = YES_ERROR;
				CLANG_WARN_SUSPICIOUS_MOVE = YES;
				CLANG_WARN_UNREACHABLE_CODE = YES;
				CLANG_WARN__DUPLICATE_METHOD_MATCH = YES;
				"CODE_SIGN_IDENTITY[sdk=iphoneos*]" = "iPhone Developer";
				COPY_PHASE_STRIP = NO;
				DEBUG_INFORMATION_FORMAT = dwarf;
				ENABLE_STRICT_OBJC_MSGSEND = YES;
				ENABLE_TESTABILITY = YES;
				GCC_C_LANGUAGE_STANDARD = gnu99;
				GCC_DYNAMIC_NO_PIC = NO;
				GCC_NO_COMMON_BLOCKS = YES;
				GCC_OPTIMIZATION_LEVEL = 0;
				GCC_PREPROCESSOR_DEFINITIONS = (
					"DEBUG=1",
					"$(inherited)",
				);
				GCC_WARN_64_TO_32_BIT_CONVERSION = YES;
				GCC_WARN_ABOUT_RETURN_TYPE = YES_ERROR;
				GCC_WARN_UNDECLARED_SELECTOR = YES;
				GCC_WARN_UNINITIALIZED_AUTOS = YES_AGGRESSIVE;
				GCC_WARN_UNUSED_FUNCTION = YES;
				GCC_WARN_UNUSED_VARIABLE = YES;
				IPHONEOS_DEPLOYMENT_TARGET = 10.2;
				MTL_ENABLE_DEBUG_INFO = YES;
				ONLY_ACTIVE_ARCH = YES;
				SDKROOT = iphoneos;
				SWIFT_ACTIVE_COMPILATION_CONDITIONS = DEBUG;
				SWIFT_OPTIMIZATION_LEVEL = "-Onone";
				TARGETED_DEVICE_FAMILY = "1,2";
			};
			name = Debug;
		};
		6B41CCD31E75B6AC0049A2E9 /* Release */ = {
			isa = XCBuildConfiguration;
			buildSettings = {
				ALWAYS_SEARCH_USER_PATHS = NO;
				CLANG_ANALYZER_NONNULL = YES;
				CLANG_CXX_LANGUAGE_STANDARD = "gnu++0x";
				CLANG_CXX_LIBRARY = "libc++";
				CLANG_ENABLE_MODULES = YES;
				CLANG_ENABLE_OBJC_ARC = YES;
				CLANG_WARN_BOOL_CONVERSION = YES;
				CLANG_WARN_CONSTANT_CONVERSION = YES;
				CLANG_WARN_DIRECT_OBJC_ISA_USAGE = YES_ERROR;
				CLANG_WARN_DOCUMENTATION_COMMENTS = YES;
				CLANG_WARN_EMPTY_BODY = YES;
				CLANG_WARN_ENUM_CONVERSION = YES;
				CLANG_WARN_INFINITE_RECURSION = YES;
				CLANG_WARN_INT_CONVERSION = YES;
				CLANG_WARN_OBJC_ROOT_CLASS = YES_ERROR;
				CLANG_WARN_SUSPICIOUS_MOVE = YES;
				CLANG_WARN_UNREACHABLE_CODE = YES;
				CLANG_WARN__DUPLICATE_METHOD_MATCH = YES;
				"CODE_SIGN_IDENTITY[sdk=iphoneos*]" = "iPhone Developer";
				COPY_PHASE_STRIP = NO;
				DEBUG_INFORMATION_FORMAT = "dwarf-with-dsym";
				ENABLE_NS_ASSERTIONS = NO;
				ENABLE_STRICT_OBJC_MSGSEND = YES;
				GCC_C_LANGUAGE_STANDARD = gnu99;
				GCC_NO_COMMON_BLOCKS = YES;
				GCC_WARN_64_TO_32_BIT_CONVERSION = YES;
				GCC_WARN_ABOUT_RETURN_TYPE = YES_ERROR;
				GCC_WARN_UNDECLARED_SELECTOR = YES;
				GCC_WARN_UNINITIALIZED_AUTOS = YES_AGGRESSIVE;
				GCC_WARN_UNUSED_FUNCTION = YES;
				GCC_WARN_UNUSED_VARIABLE = YES;
				IPHONEOS_DEPLOYMENT_TARGET = 10.2;
				MTL_ENABLE_DEBUG_INFO = NO;
				SDKROOT = iphoneos;
				SWIFT_OPTIMIZATION_LEVEL = "-Owholemodule";
				TARGETED_DEVICE_FAMILY = "1,2";
				VALIDATE_PRODUCT = YES;
			};
			name = Release;
		};
		6B41CCD51E75B6AC0049A2E9 /* Debug */ = {
			isa = XCBuildConfiguration;
			buildSettings = {
				ASSETCATALOG_COMPILER_APPICON_NAME = AppIcon;
				INFOPLIST_FILE = "Tarea 4/Info.plist";
				LD_RUNPATH_SEARCH_PATHS = "$(inherited) @executable_path/Frameworks";
				PRODUCT_BUNDLE_IDENTIFIER = "area51.Tarea-4";
				PRODUCT_NAME = "$(TARGET_NAME)";
				SWIFT_VERSION = 3.0;
			};
			name = Debug;
		};
		6B41CCD61E75B6AC0049A2E9 /* Release */ = {
			isa = XCBuildConfiguration;
			buildSettings = {
				ASSETCATALOG_COMPILER_APPICON_NAME = AppIcon;
				INFOPLIST_FILE = "Tarea 4/Info.plist";
				LD_RUNPATH_SEARCH_PATHS = "$(inherited) @executable_path/Frameworks";
				PRODUCT_BUNDLE_IDENTIFIER = "area51.Tarea-4";
				PRODUCT_NAME = "$(TARGET_NAME)";
				SWIFT_VERSION = 3.0;
			};
			name = Release;
		};
/* End XCBuildConfiguration section */

/* Begin XCConfigurationList section */
		6B41CCBD1E75B6AC0049A2E9 /* Build configuration list for PBXProject "Tarea 4" */ = {
			isa = XCConfigurationList;
			buildConfigurations = (
				6B41CCD21E75B6AC0049A2E9 /* Debug */,
				6B41CCD31E75B6AC0049A2E9 /* Release */,
			);
			defaultConfigurationIsVisible = 0;
			defaultConfigurationName = Release;
		};
		6B41CCD41E75B6AC0049A2E9 /* Build configuration list for PBXNativeTarget "Tarea 4" */ = {
			isa = XCConfigurationList;
			buildConfigurations = (
				6B41CCD51E75B6AC0049A2E9 /* Debug */,
				6B41CCD61E75B6AC0049A2E9 /* Release */,
			);
			defaultConfigurationIsVisible = 0;
			defaultConfigurationName = Release;
		};
/* End XCConfigurationList section */
	};
	rootObject = 6B41CCBA1E75B6AC0049A2E9 /* Project object */;
}
